
Microsoft Visual Studio Solution File, Format Version 12.00
# Visual Studio 15
VisualStudioVersion = 15.0.28307.645
MinimumVisualStudioVersion = 10.0.40219.1
Project("{9A19103F-16F7-4668-BE54-9A1E7A4F7556}") = "WebApi", "WebApi\WebApi.csproj", "{D8C766ED-072E-4D46-9A29-97383E522F65}"
EndProject
Project("{2150E333-8FDC-42A3-9474-1A3956D46DE8}") = "ResultFile", "ResultFile", "{A0B31848-0EFD-4BDE-B65A-64A2472B7478}"
EndProject
Project("{9A19103F-16F7-4668-BE54-9A1E7A4F7556}") = "ResultClass", "ResultClass\ResultClass.csproj", "{1C395384-642F-4EAD-AE76-5E838F0DED0E}"
EndProject
Project("{2150E333-8FDC-42A3-9474-1A3956D46DE8}") = "Core", "Core", "{037877CC-6FE4-425C-B2E1-9B5C49379B6E}"
EndProject
Project("{9A19103F-16F7-4668-BE54-9A1E7A4F7556}") = "CoreLayer", "CoreLayer\CoreLayer.csproj", "{C3064C10-348C-4423-BCF0-9C172B12912C}"
EndProject
Project("{2150E333-8FDC-42A3-9474-1A3956D46DE8}") = "TestMethods", "TestMethods", "{8856FF5C-4DE7-433B-8F56-B4D24D0141A0}"
EndProject
Project("{2150E333-8FDC-42A3-9474-1A3956D46DE8}") = "Business", "Business", "{6369484E-72BB-4AB2-9A90-B31F7299D5CD}"
EndProject
Project("{9A19103F-16F7-4668-BE54-9A1E7A4F7556}") = "BusinessLayer", "BusinessLayer\BusinessLayer.csproj", "{A1580F8B-FC02-40F5-B2CB-EAD3B2C0381C}"
EndProject
Project("{FAE04EC0-301F-11D3-BF4B-00C04F79EFBC}") = "ConsoleApp1", "ConsoleApp1\ConsoleApp1.csproj", "{D6369B2C-77DC-42E7-B15D-6EC2AE2F719B}"
EndProject
Global
	GlobalSection(SolutionConfigurationPlatforms) = preSolution
		Debug|Any CPU = Debug|Any CPU
		Release|Any CPU = Release|Any CPU
	EndGlobalSection
	GlobalSection(ProjectConfigurationPlatforms) = postSolution
		{D8C766ED-072E-4D46-9A29-97383E522F65}.Debug|Any CPU.ActiveCfg = Debug|Any CPU
		{D8C766ED-072E-4D46-9A29-97383E522F65}.Debug|Any CPU.Build.0 = Debug|Any CPU
		{D8C766ED-072E-4D46-9A29-97383E522F65}.Release|Any CPU.ActiveCfg = Release|Any CPU
		{D8C766ED-072E-4D46-9A29-97383E522F65}.Release|Any CPU.Build.0 = Release|Any CPU
		{1C395384-642F-4EAD-AE76-5E838F0DED0E}.Debug|Any CPU.ActiveCfg = Debug|Any CPU
		{1C395384-642F-4EAD-AE76-5E838F0DED0E}.Debug|Any CPU.Build.0 = Debug|Any CPU
		{1C395384-642F-4EAD-AE76-5E838F0DED0E}.Release|Any CPU.ActiveCfg = Release|Any CPU
		{1C395384-642F-4EAD-AE76-5E838F0DED0E}.Release|Any CPU.Build.0 = Release|Any CPU
		{C3064C10-348C-4423-BCF0-9C172B12912C}.Debug|Any CPU.ActiveCfg = Debug|Any CPU
		{C3064C10-348C-4423-BCF0-9C172B12912C}.Debug|Any CPU.Build.0 = Debug|Any CPU
		{C3064C10-348C-4423-BCF0-9C172B12912C}.Release|Any CPU.ActiveCfg = Release|Any CPU
		{C3064C10-348C-4423-BCF0-9C172B12912C}.Release|Any CPU.Build.0 = Release|Any CPU
		{A1580F8B-FC02-40F5-B2CB-EAD3B2C0381C}.Debug|Any CPU.ActiveCfg = Debug|Any CPU
		{A1580F8B-FC02-40F5-B2CB-EAD3B2C0381C}.Debug|Any CPU.Build.0 = Debug|Any CPU
		{A1580F8B-FC02-40F5-B2CB-EAD3B2C0381C}.Release|Any CPU.ActiveCfg = Release|Any CPU
		{A1580F8B-FC02-40F5-B2CB-EAD3B2C0381C}.Release|Any CPU.Build.0 = Release|Any CPU
		{D6369B2C-77DC-42E7-B15D-6EC2AE2F719B}.Debug|Any CPU.ActiveCfg = Debug|Any CPU
		{D6369B2C-77DC-42E7-B15D-6EC2AE2F719B}.Debug|Any CPU.Build.0 = Debug|Any CPU
		{D6369B2C-77DC-42E7-B15D-6EC2AE2F719B}.Release|Any CPU.ActiveCfg = Release|Any CPU
		{D6369B2C-77DC-42E7-B15D-6EC2AE2F719B}.Release|Any CPU.Build.0 = Release|Any CPU
	EndGlobalSection
	GlobalSection(SolutionProperties) = preSolution
		HideSolutionNode = FALSE
	EndGlobalSection
	GlobalSection(NestedProjects) = preSolution
		{1C395384-642F-4EAD-AE76-5E838F0DED0E} = {A0B31848-0EFD-4BDE-B65A-64A2472B7478}
		{C3064C10-348C-4423-BCF0-9C172B12912C} = {037877CC-6FE4-425C-B2E1-9B5C49379B6E}
		{A1580F8B-FC02-40F5-B2CB-EAD3B2C0381C} = {6369484E-72BB-4AB2-9A90-B31F7299D5CD}
	EndGlobalSection
	GlobalSection(ExtensibilityGlobals) = postSolution
		SolutionGuid = {EEBB6A3C-7322-4305-BF69-1C6FA287FA4F}
	EndGlobalSection
EndGlobal
